
Microsoft Visual Studio Solution File, Format Version 12.00
# Visual Studio 15
VisualStudioVersion = 15.0.28010.2036
MinimumVisualStudioVersion = 10.0.40219.1
Project("{FAE04EC0-301F-11D3-BF4B-00C04F79EFBC}") = "UsersInRolesConsole", "UsersInRolesConsole\UsersInRolesConsole.csproj", "{BECC705B-D9C0-48F7-9BAA-D0867CDC7CA5}"
EndProject
Project("{FAE04EC0-301F-11D3-BF4B-00C04F79EFBC}") = "DB_UserInRole", "DB_UserInRole\DB_UserInRole.csproj", "{38E48481-D274-49A1-9AB0-5670754D16EB}"
EndProject
Global
	GlobalSection(SolutionConfigurationPlatforms) = preSolution
		Debug|Any CPU = Debug|Any CPU
		Release|Any CPU = Release|Any CPU
	EndGlobalSection
	GlobalSection(ProjectConfigurationPlatforms) = postSolution
		{BECC705B-D9C0-48F7-9BAA-D0867CDC7CA5}.Debug|Any CPU.ActiveCfg = Debug|Any CPU
		{BECC705B-D9C0-48F7-9BAA-D0867CDC7CA5}.Debug|Any CPU.Build.0 = Debug|Any CPU
		{BECC705B-D9C0-48F7-9BAA-D0867CDC7CA5}.Release|Any CPU.ActiveCfg = Release|Any CPU
		{BECC705B-D9C0-48F7-9BAA-D0867CDC7CA5}.Release|Any CPU.Build.0 = Release|Any CPU
		{38E48481-D274-49A1-9AB0-5670754D16EB}.Debug|Any CPU.ActiveCfg = Debug|Any CPU
		{38E48481-D274-49A1-9AB0-5670754D16EB}.Debug|Any CPU.Build.0 = Debug|Any CPU
		{38E48481-D274-49A1-9AB0-5670754D16EB}.Release|Any CPU.ActiveCfg = Release|Any CPU
		{38E48481-D274-49A1-9AB0-5670754D16EB}.Release|Any CPU.Build.0 = Release|Any CPU
	EndGlobalSection
	GlobalSection(SolutionProperties) = preSolution
		HideSolutionNode = FALSE
	EndGlobalSection
	GlobalSection(ExtensibilityGlobals) = postSolution
		SolutionGuid = {0DDD2C0A-2E24-411F-AC7A-27B101A189CE}
	EndGlobalSection
EndGlobal
